
Microsoft Visual Studio Solution File, Format Version 12.00
# Visual Studio Version 16
VisualStudioVersion = 16.0.30523.141
MinimumVisualStudioVersion = 10.0.40219.1
Project("{FAE04EC0-301F-11D3-BF4B-00C04F79EFBC}") = "Kalkulacka", "Kalkulacka.csproj", "{9FDDCD58-F106-4E1C-B2CE-0830D034C454}"
EndProject
Global
	GlobalSection(SolutionConfigurationPlatforms) = preSolution
		Debug|Any CPU = Debug|Any CPU
		Release|Any CPU = Release|Any CPU
	EndGlobalSection
	GlobalSection(ProjectConfigurationPlatforms) = postSolution
		{9FDDCD58-F106-4E1C-B2CE-0830D034C454}.Debug|Any CPU.ActiveCfg = Debug|Any CPU
		{9FDDCD58-F106-4E1C-B2CE-0830D034C454}.Debug|Any CPU.Build.0 = Debug|Any CPU
		{9FDDCD58-F106-4E1C-B2CE-0830D034C454}.Release|Any CPU.ActiveCfg = Release|Any CPU
		{9FDDCD58-F106-4E1C-B2CE-0830D034C454}.Release|Any CPU.Build.0 = Release|Any CPU
	EndGlobalSection
	GlobalSection(SolutionProperties) = preSolution
		HideSolutionNode = FALSE
	EndGlobalSection
	GlobalSection(ExtensibilityGlobals) = postSolution
		SolutionGuid = {84896F50-646A-482F-8190-B74F28333D0A}
	EndGlobalSection
EndGlobal
